
Microsoft Visual Studio Solution File, Format Version 12.00
# Visual Studio Version 17
VisualStudioVersion = 17.7.34221.43
MinimumVisualStudioVersion = 10.0.40219.1
Project("{8BC9CEB8-8B4A-11D0-8D11-00A0C91BC942}") = "dinputto8", "dinputto8.vcxproj", "{0C32F7D5-4261-4E29-BBCB-93364B10A7BC}"
EndProject
Global
	GlobalSection(SolutionConfigurationPlatforms) = preSolution
		Debug|Win32 = Debug|Win32
		Debug|x64 = Debug|x64
		Release|Win32 = Release|Win32
		Release|x64 = Release|x64
		Workflow|Win32 = Workflow|Win32
		Workflow|x64 = Workflow|x64
	EndGlobalSection
	GlobalSection(ProjectConfigurationPlatforms) = postSolution
		{0C32F7D5-4261-4E29-BBCB-93364B10A7BC}.Debug|Win32.ActiveCfg = Debug|Win32
		{0C32F7D5-4261-4E29-BBCB-93364B10A7BC}.Debug|Win32.Build.0 = Debug|Win32
		{0C32F7D5-4261-4E29-BBCB-93364B10A7BC}.Debug|x64.ActiveCfg = Debug|x64
		{0C32F7D5-4261-4E29-BBCB-93364B10A7BC}.Debug|x64.Build.0 = Debug|x64
		{0C32F7D5-4261-4E29-BBCB-93364B10A7BC}.Release|Win32.ActiveCfg = Release|Win32
		{0C32F7D5-4261-4E29-BBCB-93364B10A7BC}.Release|Win32.Build.0 = Release|Win32
		{0C32F7D5-4261-4E29-BBCB-93364B10A7BC}.Release|x64.ActiveCfg = Release|x64
		{0C32F7D5-4261-4E29-BBCB-93364B10A7BC}.Release|x64.Build.0 = Release|x64
		{0C32F7D5-4261-4E29-BBCB-93364B10A7BC}.Workflow|Win32.ActiveCfg = Workflow|Win32
		{0C32F7D5-4261-4E29-BBCB-93364B10A7BC}.Workflow|Win32.Build.0 = Workflow|Win32
		{0C32F7D5-4261-4E29-BBCB-93364B10A7BC}.Workflow|x64.ActiveCfg = Workflow|x64
		{0C32F7D5-4261-4E29-BBCB-93364B10A7BC}.Workflow|x64.Build.0 = Workflow|x64
	EndGlobalSection
	GlobalSection(SolutionProperties) = preSolution
		HideSolutionNode = FALSE
	EndGlobalSection
	GlobalSection(ExtensibilityGlobals) = postSolution
		SolutionGuid = {A61F34C2-0646-4629-9EC6-72808DDC361D}
	EndGlobalSection
EndGlobal
